
Microsoft Visual Studio Solution File, Format Version 12.00
# Visual Studio Version 17
VisualStudioVersion = 17.5.33502.453
MinimumVisualStudioVersion = 10.0.40219.1
Project("{FAE04EC0-301F-11D3-BF4B-00C04F79EFBC}") = "StaticBlogr", "StaticBlogr\StaticBlogr.csproj", "{8FFFBD0B-9FF3-4019-85E8-CEB5569304CA}"
EndProject
Global
	GlobalSection(SolutionConfigurationPlatforms) = preSolution
		Debug|Any CPU = Debug|Any CPU
		Release|Any CPU = Release|Any CPU
	EndGlobalSection
	GlobalSection(ProjectConfigurationPlatforms) = postSolution
		{8FFFBD0B-9FF3-4019-85E8-CEB5569304CA}.Debug|Any CPU.ActiveCfg = Debug|Any CPU
		{8FFFBD0B-9FF3-4019-85E8-CEB5569304CA}.Debug|Any CPU.Build.0 = Debug|Any CPU
		{8FFFBD0B-9FF3-4019-85E8-CEB5569304CA}.Release|Any CPU.ActiveCfg = Release|Any CPU
		{8FFFBD0B-9FF3-4019-85E8-CEB5569304CA}.Release|Any CPU.Build.0 = Release|Any CPU
	EndGlobalSection
	GlobalSection(SolutionProperties) = preSolution
		HideSolutionNode = FALSE
	EndGlobalSection
	GlobalSection(ExtensibilityGlobals) = postSolution
		SolutionGuid = {12230BCB-5129-4CA5-9B56-307371F36316}
	EndGlobalSection
EndGlobal
